
Microsoft Visual Studio Solution File, Format Version 12.00
# Visual Studio Version 17
VisualStudioVersion = 17.10.34607.79
MinimumVisualStudioVersion = 10.0.40219.1
Project("{9A19103F-16F7-4668-BE54-9A1E7A4F7556}") = "I18NEverywhere", "I18NEverywhere\I18NEverywhere.csproj", "{35A07BE3-AECF-44D1-8314-D00466C7DE83}"
EndProject
Project("{FAE04EC0-301F-11D3-BF4B-00C04F79EFBC}") = "I18NEverywhere.LocaleGen", "I18NEverywhere.LocaleGen\I18NEverywhere.LocaleGen.csproj", "{3FE3976C-39C8-4632-BED6-62428D25CAFB}"
EndProject
Global
	GlobalSection(SolutionConfigurationPlatforms) = preSolution
		Debug|Any CPU = Debug|Any CPU
		Release|Any CPU = Release|Any CPU
	EndGlobalSection
	GlobalSection(ProjectConfigurationPlatforms) = postSolution
		{35A07BE3-AECF-44D1-8314-D00466C7DE83}.Debug|Any CPU.ActiveCfg = Debug|Any CPU
		{35A07BE3-AECF-44D1-8314-D00466C7DE83}.Debug|Any CPU.Build.0 = Debug|Any CPU
		{35A07BE3-AECF-44D1-8314-D00466C7DE83}.Release|Any CPU.ActiveCfg = Release|Any CPU
		{35A07BE3-AECF-44D1-8314-D00466C7DE83}.Release|Any CPU.Build.0 = Release|Any CPU
		{3FE3976C-39C8-4632-BED6-62428D25CAFB}.Debug|Any CPU.ActiveCfg = Debug|Any CPU
		{3FE3976C-39C8-4632-BED6-62428D25CAFB}.Debug|Any CPU.Build.0 = Debug|Any CPU
		{3FE3976C-39C8-4632-BED6-62428D25CAFB}.Release|Any CPU.ActiveCfg = Release|Any CPU
		{3FE3976C-39C8-4632-BED6-62428D25CAFB}.Release|Any CPU.Build.0 = Release|Any CPU
	EndGlobalSection
	GlobalSection(SolutionProperties) = preSolution
		HideSolutionNode = FALSE
	EndGlobalSection
	GlobalSection(ExtensibilityGlobals) = postSolution
		SolutionGuid = {635077D5-AB74-44DC-9629-D2A978F338C1}
	EndGlobalSection
EndGlobal
